[[package]]
name = "colorama"
version = "0.4.4"
description = "Cross-platform colored terminal text."
category = "main"
optional = false
python-versions = ">=2.7, !=3.0.*, !=3.1.*, !=3.2.*, !=3.3.*, !=3.4.*"

[[package]]
name = "dataclasses"
version = "0.8"
description = "A backport of the dataclasses module for Python 3.6"
category = "main"
optional = false
python-versions = ">=3.6, <3.7"

[[package]]
name = "importlib-resources"
version = "5.4.0"
description = "Read resources from Python packages"
category = "main"
optional = false
python-versions = ">=3.6"

[package.dependencies]
zipp = {version = ">=3.1.0", markers = "python_version < \"3.10\""}

[package.extras]
docs = ["sphinx", "jaraco.packaging (>=8.2)", "rst.linker (>=1.9)"]
testing = ["pytest (>=6)", "pytest-checkdocs (>=2.4)", "pytest-flake8", "pytest-cov", "pytest-enabler (>=1.0.1)", "pytest-black (>=0.3.7)", "pytest-mypy"]

[[package]]
name = "numpy"
version = "1.19.0"
description = "NumPy is the fundamental package for array computing with Python."
category = "main"
optional = false
python-versions = ">=3.6"

[[package]]
name = "opencv-python"
version = "4.3.0.38"
description = "Wrapper package for OpenCV python bindings."
category = "main"
optional = false
python-versions = "*"

[package.dependencies]
numpy = ">=1.13.3"

[[package]]
name = "pillow"
version = "8.4.0"
description = "Python Imaging Library (Fork)"
category = "main"
optional = false
python-versions = ">=3.6"

[[package]]
name = "torch"
version = "1.10.1"
description = "Tensors and Dynamic neural networks in Python with strong GPU acceleration"
category = "main"
optional = false
python-versions = ">=3.6.2"

[package.dependencies]
dataclasses = {version = "*", markers = "python_version < \"3.7\""}
typing-extensions = "*"

[[package]]
name = "torch-summary"
version = "1.4.5"
description = "Model summary in PyTorch, based off of the original torchsummary."
category = "main"
optional = false
python-versions = ">=3.6"

[[package]]
name = "torchvision"
version = "0.11.2"
description = "image and video datasets and models for torch deep learning"
category = "main"
optional = false
python-versions = "*"

[package.dependencies]
numpy = "*"
pillow = ">=5.3.0,<8.3.0 || >8.3.0"
torch = "1.10.1"

[package.extras]
scipy = ["scipy"]

[[package]]
name = "tqdm"
version = "4.64.0"
description = "Fast, Extensible Progress Meter"
category = "main"
optional = false
python-versions = "!=3.0.*,!=3.1.*,!=3.2.*,!=3.3.*,>=2.7"

[package.dependencies]
colorama = {version = "*", markers = "platform_system == \"Windows\""}
importlib-resources = {version = "*", markers = "python_version < \"3.7\""}

[package.extras]
dev = ["py-make (>=0.1.0)", "twine", "wheel"]
notebook = ["ipywidgets (>=6)"]
slack = ["slack-sdk"]
telegram = ["requests"]

[[package]]
name = "typing-extensions"
version = "4.1.1"
description = "Backported and Experimental Type Hints for Python 3.6+"
category = "main"
optional = false
python-versions = ">=3.6"

[[package]]
name = "zipp"
version = "3.6.0"
description = "Backport of pathlib-compatible object wrapper for zip files"
category = "main"
optional = false
python-versions = ">=3.6"

[package.extras]
docs = ["sphinx", "jaraco.packaging (>=8.2)", "rst.linker (>=1.9)"]
testing = ["pytest (>=4.6)", "pytest-checkdocs (>=2.4)", "pytest-flake8", "pytest-cov", "pytest-enabler (>=1.0.1)", "jaraco.itertools", "func-timeout", "pytest-black (>=0.3.7)", "pytest-mypy"]

[metadata]
lock-version = "1.1"
python-versions = "^3.6.9"
content-hash = "356fe3ea129fc9d38d5d51b0463b61b4dcc271602790da491446e21438d8c8f8"

[metadata.files]
colorama = [
    {file = "colorama-0.4.4-py2.py3-none-any.whl", hash = "sha256:9f47eda37229f68eee03b24b9748937c7dc3868f906e8ba69fbcbdd3bc5dc3e2"},
    {file = "colorama-0.4.4.tar.gz", hash = "sha256:5941b2b48a20143d2267e95b1c2a7603ce057ee39fd88e7329b0c292aa16869b"},
]
dataclasses = [
    {file = "dataclasses-0.8-py3-none-any.whl", hash = "sha256:0201d89fa866f68c8ebd9d08ee6ff50c0b255f8ec63a71c16fda7af82bb887bf"},
    {file = "dataclasses-0.8.tar.gz", hash = "sha256:8479067f342acf957dc82ec415d355ab5edb7e7646b90dc6e2fd1d96ad084c97"},
]
importlib-resources = [
    {file = "importlib_resources-5.4.0-py3-none-any.whl", hash = "sha256:33a95faed5fc19b4bc16b29a6eeae248a3fe69dd55d4d229d2b480e23eeaad45"},
    {file = "importlib_resources-5.4.0.tar.gz", hash = "sha256:d756e2f85dd4de2ba89be0b21dba2a3bbec2e871a42a3a16719258a11f87506b"},
]
numpy = [
    {file = "numpy-1.19.0-cp36-cp36m-macosx_10_9_x86_64.whl", hash = "sha256:63d971bb211ad3ca37b2adecdd5365f40f3b741a455beecba70fd0dde8b2a4cb"},
    {file = "numpy-1.19.0-cp36-cp36m-manylinux1_i686.whl", hash = "sha256:b6aaeadf1e4866ca0fdf7bb4eed25e521ae21a7947c59f78154b24fc7abbe1dd"},
    {file = "numpy-1.19.0-cp36-cp36m-manylinux1_x86_64.whl", hash = "sha256:13af0184177469192d80db9bd02619f6fa8b922f9f327e077d6f2a6acb1ce1c0"},
    {file = "numpy-1.19.0-cp36-cp36m-manylinux2010_i686.whl", hash = "sha256:356f96c9fbec59974a592452ab6a036cd6f180822a60b529a975c9467fcd5f23"},
    {file = "numpy-1.19.0-cp36-cp36m-manylinux2010_x86_64.whl", hash = "sha256:fa1fe75b4a9e18b66ae7f0b122543c42debcf800aaafa0212aaff3ad273c2596"},
    {file = "numpy-1.19.0-cp36-cp36m-manylinux2014_aarch64.whl", hash = "sha256:cbe326f6d364375a8e5a8ccb7e9cd73f4b2f6dc3b2ed205633a0db8243e2a96a"},
    {file = "numpy-1.19.0-cp36-cp36m-win32.whl", hash = "sha256:a2e3a39f43f0ce95204beb8fe0831199542ccab1e0c6e486a0b4947256215632"},
    {file = "numpy-1.19.0-cp36-cp36m-win_amd64.whl", hash = "sha256:7b852817800eb02e109ae4a9cef2beda8dd50d98b76b6cfb7b5c0099d27b52d4"},
    {file = "numpy-1.19.0-cp37-cp37m-macosx_10_9_x86_64.whl", hash = "sha256:d97a86937cf9970453c3b62abb55a6475f173347b4cde7f8dcdb48c8e1b9952d"},
    {file = "numpy-1.19.0-cp37-cp37m-manylinux1_i686.whl", hash = "sha256:a86c962e211f37edd61d6e11bb4df7eddc4a519a38a856e20a6498c319efa6b0"},
    {file = "numpy-1.19.0-cp37-cp37m-manylinux1_x86_64.whl", hash = "sha256:d34fbb98ad0d6b563b95de852a284074514331e6b9da0a9fc894fb1cdae7a79e"},
    {file = "numpy-1.19.0-cp37-cp37m-manylinux2010_i686.whl", hash = "sha256:658624a11f6e1c252b2cd170d94bf28c8f9410acab9f2fd4369e11e1cd4e1aaf"},
    {file = "numpy-1.19.0-cp37-cp37m-manylinux2010_x86_64.whl", hash = "sha256:4d054f013a1983551254e2379385e359884e5af105e3efe00418977d02f634a7"},
    {file = "numpy-1.19.0-cp37-cp37m-manylinux2014_aarch64.whl", hash = "sha256:26a45798ca2a4e168d00de75d4a524abf5907949231512f372b217ede3429e98"},
    {file = "numpy-1.19.0-cp37-cp37m-win32.whl", hash = "sha256:3c40c827d36c6d1c3cf413694d7dc843d50997ebffbc7c87d888a203ed6403a7"},
    {file = "numpy-1.19.0-cp37-cp37m-win_amd64.whl", hash = "sha256:be62aeff8f2f054eff7725f502f6228298891fd648dc2630e03e44bf63e8cee0"},
    {file = "numpy-1.19.0-cp38-cp38-macosx_10_9_x86_64.whl", hash = "sha256:dd53d7c4a69e766e4900f29db5872f5824a06827d594427cf1a4aa542818b796"},
    {file = "numpy-1.19.0-cp38-cp38-manylinux1_i686.whl", hash = "sha256:30a59fb41bb6b8c465ab50d60a1b298d1cd7b85274e71f38af5a75d6c475d2d2"},
    {file = "numpy-1.19.0-cp38-cp38-manylinux1_x86_64.whl", hash = "sha256:df1889701e2dfd8ba4dc9b1a010f0a60950077fb5242bb92c8b5c7f1a6f2668a"},
    {file = "numpy-1.19.0-cp38-cp38-manylinux2010_i686.whl", hash = "sha256:33c623ef9ca5e19e05991f127c1be5aeb1ab5cdf30cb1c5cf3960752e58b599b"},
    {file = "numpy-1.19.0-cp38-cp38-manylinux2010_x86_64.whl", hash = "sha256:26f509450db547e4dfa3ec739419b31edad646d21fb8d0ed0734188b35ff6b27"},
    {file = "numpy-1.19.0-cp38-cp38-manylinux2014_aarch64.whl", hash = "sha256:7b57f26e5e6ee2f14f960db46bd58ffdca25ca06dd997729b1b179fddd35f5a3"},
    {file = "numpy-1.19.0-cp38-cp38-win32.whl", hash = "sha256:a8705c5073fe3fcc297fb8e0b31aa794e05af6a329e81b7ca4ffecab7f2b95ef"},
    {file = "numpy-1.19.0-cp38-cp38-win_amd64.whl", hash = "sha256:c2edbb783c841e36ca0fa159f0ae97a88ce8137fb3a6cd82eae77349ba4b607b"},
    {file = "numpy-1.19.0-pp36-pypy36_pp73-manylinux2010_x86_64.whl", hash = "sha256:8cde829f14bd38f6da7b2954be0f2837043e8b8d7a9110ec5e318ae6bf706610"},
    {file = "numpy-1.19.0.zip", hash = "sha256:76766cc80d6128750075378d3bb7812cf146415bd29b588616f72c943c00d598"},
]
opencv-python = [
    {file = "opencv-python-4.3.0.38.tar.gz", hash = "sha256:171623dbdb93d7c634b7f851ad5e9cde8ddc6a7afc63e031d206e9216da80373"},
    {file = "opencv_python-4.3.0.38-cp35-cp35m-macosx_10_13_x86_64.whl", hash = "sha256:af1b00ca8c9008ea7ed2601a09057fa150d1744911aa90fb12ddeda3cfa4b800"},
    {file = "opencv_python-4.3.0.38-cp35-cp35m-manylinux2014_i686.whl", hash = "sha256:c8c18ad7cc2b1e5dec4e93a4201c0d6b15135944a5be35295b31b3a0e2ca28b7"},
    {file = "opencv_python-4.3.0.38-cp35-cp35m-manylinux2014_x86_64.whl", hash = "sha256:7f950724c6c3d36a90708b885939d5155000e6f00ac5e67e90792d5a30d79ed0"},
    {file = "opencv_python-4.3.0.38-cp35-cp35m-win32.whl", hash = "sha256:db5dcb701530e9f5167f3e3ded76cb71ad01f2f586d1f912852ca2f3b1f83020"},
    {file = "opencv_python-4.3.0.38-cp35-cp35m-win_amd64.whl", hash = "sha256:bae23f756d9aab465c77cdcc89c73bfee41c5ce51cb76c0a6964b5a54cf3f025"},
    {file = "opencv_python-4.3.0.38-cp36-cp36m-macosx_10_13_x86_64.whl", hash = "sha256:e5f73a7e74a3e4f92f547e9168ac9e91991275c26f3455deb053faa1cfed001e"},
    {file = "opencv_python-4.3.0.38-cp36-cp36m-manylinux2014_i686.whl", hash = "sha256:bc4bbef60acff713dedd4d4b89f4edf3db3395822a8574f51aee4361dea3142b"},
    {file = "opencv_python-4.3.0.38-cp36-cp36m-manylinux2014_x86_64.whl", hash = "sha256:2bdcecd5fa105d197a5ad7b4e2c724489190853c041654895ee871b8fb1302b4"},
    {file = "opencv_python-4.3.0.38-cp36-cp36m-win32.whl", hash = "sha256:8dedd57367ca9ea65eb0b518fee64fe684825871e299ff4709f010df136bbefb"},
    {file = "opencv_python-4.3.0.38-cp36-cp36m-win_amd64.whl", hash = "sha256:c4800329e4e3ea5180bde2e1ed3f76cb27cc7061fbe05c3f5c8c920780894f4f"},
    {file = "opencv_python-4.3.0.38-cp37-cp37m-macosx_10_13_x86_64.whl", hash = "sha256:8c0d9326628d1337ff2e86c582f9bd481e68beaff91ee68932d260b3d2587046"},
    {file = "opencv_python-4.3.0.38-cp37-cp37m-manylinux2014_i686.whl", hash = "sha256:55c1ff2c0506336b4d0e293a6fb7d644339c8fb8affe39d4cdec8003db72929c"},
    {file = "opencv_python-4.3.0.38-cp37-cp37m-manylinux2014_x86_64.whl", hash = "sha256:b213f93fabf0f9fa3cf289aabc9d0973a0c91e802d302d00d35b568f15b87ff0"},
    {file = "opencv_python-4.3.0.38-cp37-cp37m-win32.whl", hash = "sha256:a2edb67e38773f714f6226dce0ccbb336dc80fd51960f09658d4bd8cf5b46466"},
    {file = "opencv_python-4.3.0.38-cp37-cp37m-win_amd64.whl", hash = "sha256:529dd2c2c09ef1cba6131e7f21ec770bcf98e76ccec5f1959fe0e2c5aebcbff1"},
    {file = "opencv_python-4.3.0.38-cp38-cp38-macosx_10_13_x86_64.whl", hash = "sha256:60ff8473d3d4946739e473d1bbe12ae4640740b4a43fe1b1fa02b57c1278632f"},
    {file = "opencv_python-4.3.0.38-cp38-cp38-manylinux2014_i686.whl", hash = "sha256:4dbe7b0f1c8580a0947bc7dd3c8d740ea84e1a0ae1c4e0501c0080ca20388ba8"},
    {file = "opencv_python-4.3.0.38-cp38-cp38-manylinux2014_x86_64.whl", hash = "sha256:e51336f3e5e668856a652c56e412431acdd58de12aa887ca6fae740b53c7ade3"},
    {file = "opencv_python-4.3.0.38-cp38-cp38-win32.whl", hash = "sha256:f4c6eac5b1b520275e8a7a1e4a398b1fc6e4bb0af961daac501e0fd6545eedd2"},
    {file = "opencv_python-4.3.0.38-cp38-cp38-win_amd64.whl", hash = "sha256:69487fe07a43eecc9131ee158e4cea265c7193cf10838c1e0981a97fa212b619"},
]
pillow = [
    {file = "Pillow-8.4.0-cp310-cp310-macosx_10_10_universal2.whl", hash = "sha256:81f8d5c81e483a9442d72d182e1fb6dcb9723f289a57e8030811bac9ea3fef8d"},
    {file = "Pillow-8.4.0-cp310-cp310-macosx_11_0_arm64.whl", hash = "sha256:3f97cfb1e5a392d75dd8b9fd274d205404729923840ca94ca45a0af57e13dbe6"},
    {file = "Pillow-8.4.0-cp310-cp310-manylinux_2_17_aarch64.manylinux2014_aarch64.whl", hash = "sha256:eb9fc393f3c61f9054e1ed26e6fe912c7321af2f41ff49d3f83d05bacf22cc78"},
    {file = "Pillow-8.4.0-cp310-cp310-manylinux_2_17_i686.manylinux2014_i686.whl", hash = "sha256:d82cdb63100ef5eedb8391732375e6d05993b765f72cb34311fab92103314649"},
    {file = "Pillow-8.4.0-cp310-cp310-manylinux_2_17_x86_64.manylinux2014_x86_64.whl", hash = "sha256:62cc1afda735a8d109007164714e73771b499768b9bb5afcbbee9d0ff374b43f"},
    {file = "Pillow-8.4.0-cp310-cp310-win32.whl", hash = "sha256:e3dacecfbeec9a33e932f00c6cd7996e62f53ad46fbe677577394aaa90ee419a"},
    {file = "Pillow-8.4.0-cp310-cp310-win_amd64.whl", hash = "sha256:620582db2a85b2df5f8a82ddeb52116560d7e5e6b055095f04ad828d1b0baa39"},
    {file = "Pillow-8.4.0-cp36-cp36m-macosx_10_10_x86_64.whl", hash = "sha256:1bc723b434fbc4ab50bb68e11e93ce5fb69866ad621e3c2c9bdb0cd70e345f55"},
    {file = "Pillow-8.4.0-cp36-cp36m-manylinux_2_17_aarch64.manylinux2014_aarch64.whl", hash = "sha256:72cbcfd54df6caf85cc35264c77ede902452d6df41166010262374155947460c"},
    {file = "Pillow-8.4.0-cp36-cp36m-manylinux_2_17_i686.manylinux2014_i686.whl", hash = "sha256:70ad9e5c6cb9b8487280a02c0ad8a51581dcbbe8484ce058477692a27c151c0a"},
    {file = "Pillow-8.4.0-cp36-cp36m-manylinux_2_17_x86_64.manylinux2014_x86_64.whl", hash = "sha256:25a49dc2e2f74e65efaa32b153527fc5ac98508d502fa46e74fa4fd678ed6645"},
    {file = "Pillow-8.4.0-cp36-cp36m-win32.whl", hash = "sha256:93ce9e955cc95959df98505e4608ad98281fff037350d8c2671c9aa86bcf10a9"},
    {file = "Pillow-8.4.0-cp36-cp36m-win_amd64.whl", hash = "sha256:2e4440b8f00f504ee4b53fe30f4e381aae30b0568193be305256b1462216feff"},
    {file = "Pillow-8.4.0-cp37-cp37m-macosx_10_10_x86_64.whl", hash = "sha256:8c803ac3c28bbc53763e6825746f05cc407b20e4a69d0122e526a582e3b5e153"},
    {file = "Pillow-8.4.0-cp37-cp37m-manylinux_2_17_aarch64.manylinux2014_aarch64.whl", hash = "sha256:c8a17b5d948f4ceeceb66384727dde11b240736fddeda54ca740b9b8b1556b29"},
    {file = "Pillow-8.4.0-cp37-cp37m-manylinux_2_17_i686.manylinux2014_i686.whl", hash = "sha256:1394a6ad5abc838c5cd8a92c5a07535648cdf6d09e8e2d6df916dfa9ea86ead8"},
    {file = "Pillow-8.4.0-cp37-cp37m-manylinux_2_17_x86_64.manylinux2014_x86_64.whl", hash = "sha256:792e5c12376594bfcb986ebf3855aa4b7c225754e9a9521298e460e92fb4a488"},
    {file = "Pillow-8.4.0-cp37-cp37m-win32.whl", hash = "sha256:d99ec152570e4196772e7a8e4ba5320d2d27bf22fdf11743dd882936ed64305b"},
    {file = "Pillow-8.4.0-cp37-cp37m-win_amd64.whl", hash = "sha256:7b7017b61bbcdd7f6363aeceb881e23c46583739cb69a3ab39cb384f6ec82e5b"},
    {file = "Pillow-8.4.0-cp38-cp38-macosx_10_10_x86_64.whl", hash = "sha256:d89363f02658e253dbd171f7c3716a5d340a24ee82d38aab9183f7fdf0cdca49"},
    {file = "Pillow-8.4.0-cp38-cp38-macosx_11_0_arm64.whl", hash = "sha256:0a0956fdc5defc34462bb1c765ee88d933239f9a94bc37d132004775241a7585"},
    {file = "Pillow-8.4.0-cp38-cp38-manylinux_2_17_aarch64.manylinux2014_aarch64.whl", hash = "sha256:5b7bb9de00197fb4261825c15551adf7605cf14a80badf1761d61e59da347779"},
    {file = "Pillow-8.4.0-cp38-cp38-manylinux_2_17_i686.manylinux2014_i686.whl", hash = "sha256:72b9e656e340447f827885b8d7a15fc8c4e68d410dc2297ef6787eec0f0ea409"},
    {file = "Pillow-8.4.0-cp38-cp38-manylinux_2_17_x86_64.manylinux2014_x86_64.whl", hash = "sha256:a5a4532a12314149d8b4e4ad8ff09dde7427731fcfa5917ff16d0291f13609df"},
    {file = "Pillow-8.4.0-cp38-cp38-win32.whl", hash = "sha256:82aafa8d5eb68c8463b6e9baeb4f19043bb31fefc03eb7b216b51e6a9981ae09"},
    {file = "Pillow-8.4.0-cp38-cp38-win_amd64.whl", hash = "sha256:066f3999cb3b070a95c3652712cffa1a748cd02d60ad7b4e485c3748a04d9d76"},
    {file = "Pillow-8.4.0-cp39-cp39-macosx_10_10_x86_64.whl", hash = "sha256:5503c86916d27c2e101b7f71c2ae2cddba01a2cf55b8395b0255fd33fa4d1f1a"},
    {file = "Pillow-8.4.0-cp39-cp39-macosx_11_0_arm64.whl", hash = "sha256:4acc0985ddf39d1bc969a9220b51d94ed51695d455c228d8ac29fcdb25810e6e"},
    {file = "Pillow-8.4.0-cp39-cp39-manylinux_2_17_aarch64.manylinux2014_aarch64.whl", hash = "sha256:0b052a619a8bfcf26bd8b3f48f45283f9e977890263e4571f2393ed8898d331b"},
    {file = "Pillow-8.4.0-cp39-cp39-manylinux_2_17_i686.manylinux2014_i686.whl", hash = "sha256:493cb4e415f44cd601fcec11c99836f707bb714ab03f5ed46ac25713baf0ff20"},
    {file = "Pillow-8.4.0-cp39-cp39-manylinux_2_17_x86_64.manylinux2014_x86_64.whl", hash = "sha256:b8831cb7332eda5dc89b21a7bce7ef6ad305548820595033a4b03cf3091235ed"},
    {file = "Pillow-8.4.0-cp39-cp39-win32.whl", hash = "sha256:5e9ac5f66616b87d4da618a20ab0a38324dbe88d8a39b55be8964eb520021e02"},
    {file = "Pillow-8.4.0-cp39-cp39-win_amd64.whl", hash = "sha256:3eb1ce5f65908556c2d8685a8f0a6e989d887ec4057326f6c22b24e8a172c66b"},
    {file = "Pillow-8.4.0-pp36-pypy36_pp73-macosx_10_10_x86_64.whl", hash = "sha256:ddc4d832a0f0b4c52fff973a0d44b6c99839a9d016fe4e6a1cb8f3eea96479c2"},
    {file = "Pillow-8.4.0-pp36-pypy36_pp73-manylinux_2_17_i686.manylinux2014_i686.whl", hash = "sha256:9a3e5ddc44c14042f0844b8cf7d2cd455f6cc80fd7f5eefbe657292cf601d9ad"},
    {file = "Pillow-8.4.0-pp36-pypy36_pp73-manylinux_2_17_x86_64.manylinux2014_x86_64.whl", hash = "sha256:c70e94281588ef053ae8998039610dbd71bc509e4acbc77ab59d7d2937b10698"},
    {file = "Pillow-8.4.0-pp37-pypy37_pp73-macosx_10_10_x86_64.whl", hash = "sha256:3862b7256046fcd950618ed22d1d60b842e3a40a48236a5498746f21189afbbc"},
    {file = "Pillow-8.4.0-pp37-pypy37_pp73-manylinux_2_17_i686.manylinux2014_i686.whl", hash = "sha256:a4901622493f88b1a29bd30ec1a2f683782e57c3c16a2dbc7f2595ba01f639df"},
    {file = "Pillow-8.4.0-pp37-pypy37_pp73-manylinux_2_17_x86_64.manylinux2014_x86_64.whl", hash = "sha256:84c471a734240653a0ec91dec0996696eea227eafe72a33bd06c92697728046b"},
    {file = "Pillow-8.4.0-pp37-pypy37_pp73-win_amd64.whl", hash = "sha256:244cf3b97802c34c41905d22810846802a3329ddcb93ccc432870243211c79fc"},
    {file = "Pillow-8.4.0.tar.gz", hash = "sha256:b8e2f83c56e141920c39464b852de3719dfbfb6e3c99a2d8da0edf4fb33176ed"},
]
torch = [
    {file = "torch-1.10.1-cp36-cp36m-manylinux1_x86_64.whl", hash = "sha256:adbb5f292e260e39715d67478823e03e3001db1af5b02c18caa34549dccb421e"},
    {file = "torch-1.10.1-cp36-cp36m-manylinux2014_aarch64.whl", hash = "sha256:ac8cae04458cc47555fa07a760496c2fdf687223bcc13df5fed56ea3aead37f5"},
    {file = "torch-1.10.1-cp36-cp36m-win_amd64.whl", hash = "sha256:40508d67288c46ff1fad301fa6e996e0e936a733f2401475fc92c21dc3ef702d"},
    {file = "torch-1.10.1-cp36-none-macosx_10_9_x86_64.whl", hash = "sha256:8b47bd113c6cbd9a49669aaaa233ad5f25852d6ca3e640f9c71c808e65a1fdf4"},
    {file = "torch-1.10.1-cp37-cp37m-manylinux1_x86_64.whl", hash = "sha256:50360868ad3f039cf99f0250300dbec51bf686a7b84dc6bbdb8dff4b1171c0f0"},
    {file = "torch-1.10.1-cp37-cp37m-manylinux2014_aarch64.whl", hash = "sha256:e3d2154722189ed74747a494dce9588978dd55e43ca24c5bd307fb52620b232b"},
    {file = "torch-1.10.1-cp37-cp37m-win_amd64.whl", hash = "sha256:d9c495bcd5f00becff5b051b5e4be86b7eaa0433cd0fe57f77c02bc1b93ab5b1"},
    {file = "torch-1.10.1-cp37-none-macosx_10_9_x86_64.whl", hash = "sha256:6b327d7b4eb2461b16d46763d46df71e597235ccc428650538a2735a0898270d"},
    {file = "torch-1.10.1-cp38-cp38-manylinux1_x86_64.whl", hash = "sha256:1c6c56178e5dacf7602ad00dc79c263d6c41c0f76261e9641e6bd2679678ceb3"},
    {file = "torch-1.10.1-cp38-cp38-manylinux2014_aarch64.whl", hash = "sha256:2ffa2db4ccb6466c59e3f95b7a582d47ae721e476468f4ffbcaa2832e0b92b9b"},
    {file = "torch-1.10.1-cp38-cp38-win_amd64.whl", hash = "sha256:af577602e884c5e40fbd29ec978f052202355da93cd31e0a23251bd7aaff5a99"},
    {file = "torch-1.10.1-cp38-none-macosx_10_9_x86_64.whl", hash = "sha256:725d86e9809073eef868a3ddf4189878ee7af46fac71403834dd0925b3db9b82"},
    {file = "torch-1.10.1-cp38-none-macosx_11_0_arm64.whl", hash = "sha256:fa197cfe047d0515bef238f42472721406609ebaceff2fd4e17f2ad4692ee51c"},
    {file = "torch-1.10.1-cp39-cp39-manylinux1_x86_64.whl", hash = "sha256:cca660b27a90dbbc0af06c859260f6b875aef37c0897bd353e5deed085d2c877"},
    {file = "torch-1.10.1-cp39-cp39-manylinux2014_aarch64.whl", hash = "sha256:01f4ffdafbfbd7d106fb4e487feee2cf29cced9903df8cb0444b0e308f9c5e92"},
    {file = "torch-1.10.1-cp39-cp39-win_amd64.whl", hash = "sha256:607eccb7d539a11877cd02d95f4b164b7941fcf538ac7ff087bfed19e3644283"},
    {file = "torch-1.10.1-cp39-none-macosx_10_9_x86_64.whl", hash = "sha256:26b6dfbe21e247e67c615bfab0017ec391ed1517f88bbeea6228a49edd24cd88"},
    {file = "torch-1.10.1-cp39-none-macosx_11_0_arm64.whl", hash = "sha256:5644280d88c5b6de27eacc0d911f968aad41a4bab297af4df5e571bc0927d3e4"},
]
torch-summary = [
    {file = "torch_summary-1.4.5-py3-none-any.whl", hash = "sha256:6127efb631f34ba8cbd28e92e8f7ddc2903ea0cbc44c80f15b7363b8f558cd8c"},
    {file = "torch_summary-1.4.5.tar.gz", hash = "sha256:44eac21777dbbda7b8404d57a43c09d83fd9c93d0c1f0c960b5083ccb24d6d21"},
]
torchvision = [
    {file = "torchvision-0.11.2-cp36-cp36m-macosx_10_9_x86_64.whl", hash = "sha256:0f52745f652fe82e962e3399ac19f5ce7fe42e2b6bf73ef24f4aa1f222bbbfca"},
    {file = "torchvision-0.11.2-cp36-cp36m-manylinux1_x86_64.whl", hash = "sha256:a33c4e5c8456d3cdbb706636f209f318c8544be0f08179056296765db95b981b"},
    {file = "torchvision-0.11.2-cp36-cp36m-manylinux2014_aarch64.whl", hash = "sha256:12eb97a2b87661914c2a6743ec535b432194b3a17620217cab201733e63d0a8f"},
    {file = "torchvision-0.11.2-cp36-cp36m-win_amd64.whl", hash = "sha256:6d84490010761a34d6238987f88f8bccec06914431fc13c221902ea4f54ecb43"},
    {file = "torchvision-0.11.2-cp37-cp37m-macosx_10_9_x86_64.whl", hash = "sha256:3091e5d3131e0664ca817ef32eff0ec5f79e2f0d61b447ae63bdd2429aff179c"},
    {file = "torchvision-0.11.2-cp37-cp37m-manylinux1_x86_64.whl", hash = "sha256:32cca2b5e0696f59e03c1261444deb81c87c6967d444aaf2d156f3023e741ffe"},
    {file = "torchvision-0.11.2-cp37-cp37m-manylinux2014_aarch64.whl", hash = "sha256:fe1395b5fe3b5f2111312a8c75dd48176db7b9f129e1f4159bf1fb2aeec54778"},
    {file = "torchvision-0.11.2-cp37-cp37m-win_amd64.whl", hash = "sha256:d2aa1e253c9ddcf728a2dc6e771ebaf3201798cf91304cd352795a34daefce51"},
    {file = "torchvision-0.11.2-cp38-cp38-macosx_10_9_x86_64.whl", hash = "sha256:52b14ce23a6e0a5a1309970888a1febb12e93fe6aed78df8aa115f1cf2019cc6"},
    {file = "torchvision-0.11.2-cp38-cp38-macosx_11_0_arm64.whl", hash = "sha256:3abcfab98dea4bc1e512e99c5b56e66e237bd65569e1c9b1c3c2d459ef50795c"},
    {file = "torchvision-0.11.2-cp38-cp38-manylinux1_x86_64.whl", hash = "sha256:82431c4cf9cce36d6ec5f338b4cc5b96732a4becb359588bbc72fba282d3cfff"},
    {file = "torchvision-0.11.2-cp38-cp38-manylinux2014_aarch64.whl", hash = "sha256:ecf3f8f8e548dd7b36c5abca03563a32a6d5cb7e97ceec012df1b6380ed5d4c3"},
    {file = "torchvision-0.11.2-cp38-cp38-win_amd64.whl", hash = "sha256:27f0d9088c76edfa3c1f1dcaf965f102437c049f13b599ef02abe99f4d346cb6"},
    {file = "torchvision-0.11.2-cp39-cp39-macosx_10_9_x86_64.whl", hash = "sha256:63d6f46e083f00ad7ce09d355eb94f512bf41899630240c6c865ca0d9d00718c"},
    {file = "torchvision-0.11.2-cp39-cp39-macosx_11_0_arm64.whl", hash = "sha256:eb479be61a28fcff71b1e3ec823641cd75d61229bedab1e83659e3df53ca0159"},
    {file = "torchvision-0.11.2-cp39-cp39-manylinux1_x86_64.whl", hash = "sha256:bc6b125134278d8b59682a3693bbf99a1eac6306f0eb71314333010d28392a83"},
    {file = "torchvision-0.11.2-cp39-cp39-manylinux2014_aarch64.whl", hash = "sha256:3315176f2ee887dcb9d4ada02d103bad837ba065c84d992dce0dbf9dae9ad43c"},
    {file = "torchvision-0.11.2-cp39-cp39-win_amd64.whl", hash = "sha256:b78b753b01c19f60bf4df078d245609ed6df9265a127d9fbc2ca202409779cda"},
]
tqdm = [
    {file = "tqdm-4.64.0-py2.py3-none-any.whl", hash = "sha256:74a2cdefe14d11442cedf3ba4e21a3b84ff9a2dbdc6cfae2c34addb2a14a5ea6"},
    {file = "tqdm-4.64.0.tar.gz", hash = "sha256:40be55d30e200777a307a7585aee69e4eabb46b4ec6a4b4a5f2d9f11e7d5408d"},
]
typing-extensions = [
    {file = "typing_extensions-4.1.1-py3-none-any.whl", hash = "sha256:21c85e0fe4b9a155d0799430b0ad741cdce7e359660ccbd8b530613e8df88ce2"},
    {file = "typing_extensions-4.1.1.tar.gz", hash = "sha256:1a9462dcc3347a79b1f1c0271fbe79e844580bb598bafa1ed208b94da3cdcd42"},
]
zipp = [
    {file = "zipp-3.6.0-py3-none-any.whl", hash = "sha256:9fe5ea21568a0a70e50f273397638d39b03353731e6cbbb3fd8502a33fec40bc"},
    {file = "zipp-3.6.0.tar.gz", hash = "sha256:71c644c5369f4a6e07636f0aa966270449561fcea2e3d6747b8d23efaa9d7832"},
]
